<?xml version="1.0" encoding="UTF-8" standalone="yes" ?>
<CodeBlocks_project_file>
	<FileVersion major="1" minor="6" />
	<Project>
		<Option title="Calibration" />
		<Option pch_mode="2" />
		<Option compiler="gcc" />
		<Build>
			<Target title="Debug">
				<Option output="bin/Debug/Calibration" prefix_auto="1" extension_auto="1" />
				<Option object_output="obj/Debug/" />
				<Option type="1" />
				<Option compiler="gcc" />
				<Compiler>
					<Add option="-g" />
					<Add directory="../../Camera_sdk/Vimba_1_3" />
				</Compiler>
				<Linker>
					<Add option="-lNxLib64" />
					<Add library="../../Camera_sdk/Vimba_1_3/VimbaCPP/DynamicLib/x86_64bit/libVimbaCPP.so" />
					<Add library="../../Camera_sdk/Vimba_1_3/VimbaCPP/DynamicLib/x86_64bit/libVimbaC.so" />
					<Add directory="../../Camera_sdk/Vimba_1_3/VimbaCPP/DynamicLib/x86_64bit" />
				</Linker>
			</Target>
			<Target title="Release">
				<Option output="bin/Release/Calibration" prefix_auto="1" extension_auto="1" />
				<Option object_output="obj/Release/" />
				<Option type="1" />
				<Option compiler="gcc" />
				<Compiler>
					<Add option="-O2" />
					<Add directory="../../Camera_sdk/Vimba_1_3/VimbaCPP" />
				</Compiler>
				<Linker>
					<Add option="-s" />
					<Add library="../../Camera_sdk/Vimba_1_3/VimbaCPP/DynamicLib/x86_64bit/libVimbaC.so" />
					<Add library="../../Camera_sdk/Vimba_1_3/VimbaCPP/DynamicLib/x86_64bit/libVimbaCPP.so" />
					<Add directory="../../Camera_sdk/Vimba_1_3/VimbaCPP/DynamicLib/x86_64bit" />
				</Linker>
			</Target>
		</Build>
		<Compiler>
			<Add option="-Wall" />
			<Add option="-fexceptions" />
		</Compiler>
		<Unit filename="Bitmap.cpp" />
		<Unit filename="calibration.cpp" />
		<Unit filename="calibration.hpp" />
		<Unit filename="ensenso.cpp" />
		<Unit filename="main.cpp" />
		<Unit filename="structuredlight.cpp" />
		<Extensions>
			<code_completion />
			<debugger />
		</Extensions>
	</Project>
</CodeBlocks_project_file>
